// !$*UTF8*$!
{
	archiveVersion = 1;
	classes = {
	};
	objectVersion = 56;
	objects = {

/* Begin PBXBuildFile section */
		C77BDFFC2A4AA1F0007A8D06 /* AppDelegate.swift in Sources */ = {isa = PBXBuildFile; fileRef = C77BDFFB2A4AA1F0007A8D06 /* AppDelegate.swift */; };
		C77BDFFE2A4AA1F0007A8D06 /* SceneDelegate.swift in Sources */ = {isa = PBXBuildFile; fileRef = C77BDFFD2A4AA1F0007A8D06 /* SceneDelegate.swift */; };
		C77BE0002A4AA1F0007A8D06 /* SplashViewController.swift in Sources */ = {isa = PBXBuildFile; fileRef = C77BDFFF2A4AA1F0007A8D06 /* SplashViewController.swift */; };
		C77BE0032A4AA1F0007A8D06 /* Main.storyboard in Resources */ = {isa = PBXBuildFile; fileRef = C77BE0012A4AA1F0007A8D06 /* Main.storyboard */; };
		C77BE0052A4AA1F5007A8D06 /* Assets.xcassets in Resources */ = {isa = PBXBuildFile; fileRef = C77BE0042A4AA1F5007A8D06 /* Assets.xcassets */; };
		C77BE0082A4AA1F5007A8D06 /* LaunchScreen.storyboard in Resources */ = {isa = PBXBuildFile; fileRef = C77BE0062A4AA1F5007A8D06 /* LaunchScreen.storyboard */; };
		C77BE0122A4AB216007A8D06 /* CustomTextField.swift in Sources */ = {isa = PBXBuildFile; fileRef = C77BE0112A4AB216007A8D06 /* CustomTextField.swift */; };
		C77BE0152A4AB2B6007A8D06 /* AuthViewController.swift in Sources */ = {isa = PBXBuildFile; fileRef = C77BE0142A4AB2B6007A8D06 /* AuthViewController.swift */; };
		C77BE0172A4ACFCD007A8D06 /* SignInForm.swift in Sources */ = {isa = PBXBuildFile; fileRef = C77BE0162A4ACFCD007A8D06 /* SignInForm.swift */; };
		C77BE0192A4ACFEF007A8D06 /* SignUpForm.swift in Sources */ = {isa = PBXBuildFile; fileRef = C77BE0182A4ACFEF007A8D06 /* SignUpForm.swift */; };
		C77BE01B2A4AD48C007A8D06 /* CustomButton.swift in Sources */ = {isa = PBXBuildFile; fileRef = C77BE01A2A4AD48C007A8D06 /* CustomButton.swift */; };
		C77BE01D2A4B2744007A8D06 /* RegisterViewController.swift in Sources */ = {isa = PBXBuildFile; fileRef = C77BE01C2A4B2744007A8D06 /* RegisterViewController.swift */; };
		C7E050672A53F3F80026971C /* CustomNavigationBar.swift in Sources */ = {isa = PBXBuildFile; fileRef = C7E050662A53F3F80026971C /* CustomNavigationBar.swift */; };
		C7E050692A53F4120026971C /* BackButton.swift in Sources */ = {isa = PBXBuildFile; fileRef = C7E050682A53F4120026971C /* BackButton.swift */; };
		C7E0506B2A5409030026971C /* RegisterEmployeeViewController.swift in Sources */ = {isa = PBXBuildFile; fileRef = C7E0506A2A5409030026971C /* RegisterEmployeeViewController.swift */; };
		C7E0506D2A5410030026971C /* Utils.swift in Sources */ = {isa = PBXBuildFile; fileRef = C7E0506C2A5410030026971C /* Utils.swift */; };
		C7E0506F2A5428DE0026971C /* RegisterEmployerViewController.swift in Sources */ = {isa = PBXBuildFile; fileRef = C7E0506E2A5428DE0026971C /* RegisterEmployerViewController.swift */; };
/* End PBXBuildFile section */

/* Begin PBXFileReference section */
		C77BDFF82A4AA1F0007A8D06 /* WorkLinx.app */ = {isa = PBXFileReference; explicitFileType = wrapper.application; includeInIndex = 0; path = WorkLinx.app; sourceTree = BUILT_PRODUCTS_DIR; };
		C77BDFFB2A4AA1F0007A8D06 /* AppDelegate.swift */ = {isa = PBXFileReference; lastKnownFileType = sourcecode.swift; path = AppDelegate.swift; sourceTree = "<group>"; };
		C77BDFFD2A4AA1F0007A8D06 /* SceneDelegate.swift */ = {isa = PBXFileReference; lastKnownFileType = sourcecode.swift; path = SceneDelegate.swift; sourceTree = "<group>"; };
		C77BDFFF2A4AA1F0007A8D06 /* SplashViewController.swift */ = {isa = PBXFileReference; lastKnownFileType = sourcecode.swift; path = SplashViewController.swift; sourceTree = "<group>"; };
		C77BE0022A4AA1F0007A8D06 /* Base */ = {isa = PBXFileReference; lastKnownFileType = file.storyboard; name = Base; path = Base.lproj/Main.storyboard; sourceTree = "<group>"; };
		C77BE0042A4AA1F5007A8D06 /* Assets.xcassets */ = {isa = PBXFileReference; lastKnownFileType = folder.assetcatalog; path = Assets.xcassets; sourceTree = "<group>"; };
		C77BE0072A4AA1F5007A8D06 /* Base */ = {isa = PBXFileReference; lastKnownFileType = file.storyboard; name = Base; path = Base.lproj/LaunchScreen.storyboard; sourceTree = "<group>"; };
		C77BE0092A4AA1F5007A8D06 /* Info.plist */ = {isa = PBXFileReference; lastKnownFileType = text.plist.xml; path = Info.plist; sourceTree = "<group>"; };
		C77BE0112A4AB216007A8D06 /* CustomTextField.swift */ = {isa = PBXFileReference; lastKnownFileType = sourcecode.swift; path = CustomTextField.swift; sourceTree = "<group>"; };
		C77BE0142A4AB2B6007A8D06 /* AuthViewController.swift */ = {isa = PBXFileReference; lastKnownFileType = sourcecode.swift; path = AuthViewController.swift; sourceTree = "<group>"; };
		C77BE0162A4ACFCD007A8D06 /* SignInForm.swift */ = {isa = PBXFileReference; lastKnownFileType = sourcecode.swift; path = SignInForm.swift; sourceTree = "<group>"; };
		C77BE0182A4ACFEF007A8D06 /* SignUpForm.swift */ = {isa = PBXFileReference; lastKnownFileType = sourcecode.swift; path = SignUpForm.swift; sourceTree = "<group>"; };
		C77BE01A2A4AD48C007A8D06 /* CustomButton.swift */ = {isa = PBXFileReference; lastKnownFileType = sourcecode.swift; path = CustomButton.swift; sourceTree = "<group>"; };
		C77BE01C2A4B2744007A8D06 /* RegisterViewController.swift */ = {isa = PBXFileReference; lastKnownFileType = sourcecode.swift; path = RegisterViewController.swift; sourceTree = "<group>"; };
		C7E050662A53F3F80026971C /* CustomNavigationBar.swift */ = {isa = PBXFileReference; lastKnownFileType = sourcecode.swift; path = CustomNavigationBar.swift; sourceTree = "<group>"; };
		C7E050682A53F4120026971C /* BackButton.swift */ = {isa = PBXFileReference; lastKnownFileType = sourcecode.swift; path = BackButton.swift; sourceTree = "<group>"; };
		C7E0506A2A5409030026971C /* RegisterEmployeeViewController.swift */ = {isa = PBXFileReference; lastKnownFileType = sourcecode.swift; path = RegisterEmployeeViewController.swift; sourceTree = "<group>"; };
		C7E0506C2A5410030026971C /* Utils.swift */ = {isa = PBXFileReference; lastKnownFileType = sourcecode.swift; path = Utils.swift; sourceTree = "<group>"; };
		C7E0506E2A5428DE0026971C /* RegisterEmployerViewController.swift */ = {isa = PBXFileReference; lastKnownFileType = sourcecode.swift; path = RegisterEmployerViewController.swift; sourceTree = "<group>"; };
/* End PBXFileReference section */

/* Begin PBXFrameworksBuildPhase section */
		C77BDFF52A4AA1F0007A8D06 /* Frameworks */ = {
			isa = PBXFrameworksBuildPhase;
			buildActionMask = 2147483647;
			files = (
			);
			runOnlyForDeploymentPostprocessing = 0;
		};
/* End PBXFrameworksBuildPhase section */

/* Begin PBXGroup section */
		C77BDFEF2A4AA1F0007A8D06 = {
			isa = PBXGroup;
			children = (
				C77BDFFA2A4AA1F0007A8D06 /* WorkLinx */,
				C77BDFF92A4AA1F0007A8D06 /* Products */,
			);
			sourceTree = "<group>";
		};
		C77BDFF92A4AA1F0007A8D06 /* Products */ = {
			isa = PBXGroup;
			children = (
				C77BDFF82A4AA1F0007A8D06 /* WorkLinx.app */,
			);
			name = Products;
			sourceTree = "<group>";
		};
		C77BDFFA2A4AA1F0007A8D06 /* WorkLinx */ = {
			isa = PBXGroup;
			children = (
				C7E0506C2A5410030026971C /* Utils.swift */,
				C77BE0132A4AB222007A8D06 /* Components */,
				C77BE0102A4AAF94007A8D06 /* ViewControllers */,
				C77BE00F2A4AAF4A007A8D06 /* UI */,
				C77BDFFB2A4AA1F0007A8D06 /* AppDelegate.swift */,
				C77BDFFD2A4AA1F0007A8D06 /* SceneDelegate.swift */,
				C77BE0042A4AA1F5007A8D06 /* Assets.xcassets */,
				C77BE0062A4AA1F5007A8D06 /* LaunchScreen.storyboard */,
				C77BE0092A4AA1F5007A8D06 /* Info.plist */,
			);
			path = WorkLinx;
			sourceTree = "<group>";
		};
		C77BE00F2A4AAF4A007A8D06 /* UI */ = {
			isa = PBXGroup;
			children = (
				C77BE0012A4AA1F0007A8D06 /* Main.storyboard */,
			);
			path = UI;
			sourceTree = "<group>";
		};
		C77BE0102A4AAF94007A8D06 /* ViewControllers */ = {
			isa = PBXGroup;
			children = (
				C77BDFFF2A4AA1F0007A8D06 /* SplashViewController.swift */,
				C77BE0142A4AB2B6007A8D06 /* AuthViewController.swift */,
				C77BE01C2A4B2744007A8D06 /* RegisterViewController.swift */,
				C7E0506A2A5409030026971C /* RegisterEmployeeViewController.swift */,
				C7E0506E2A5428DE0026971C /* RegisterEmployerViewController.swift */,
			);
			path = ViewControllers;
			sourceTree = "<group>";
		};
		C77BE0132A4AB222007A8D06 /* Components */ = {
			isa = PBXGroup;
			children = (
				C77BE0112A4AB216007A8D06 /* CustomTextField.swift */,
				C77BE0162A4ACFCD007A8D06 /* SignInForm.swift */,
				C77BE0182A4ACFEF007A8D06 /* SignUpForm.swift */,
				C7E050662A53F3F80026971C /* CustomNavigationBar.swift */,
				C77BE01A2A4AD48C007A8D06 /* CustomButton.swift */,
				C7E050682A53F4120026971C /* BackButton.swift */,
			);
			path = Components;
			sourceTree = "<group>";
		};
/* End PBXGroup section */

/* Begin PBXNativeTarget section */
		C77BDFF72A4AA1F0007A8D06 /* WorkLinx */ = {
			isa = PBXNativeTarget;
			buildConfigurationList = C77BE00C2A4AA1F5007A8D06 /* Build configuration list for PBXNativeTarget "WorkLinx" */;
			buildPhases = (
				C77BDFF42A4AA1F0007A8D06 /* Sources */,
				C77BDFF52A4AA1F0007A8D06 /* Frameworks */,
				C77BDFF62A4AA1F0007A8D06 /* Resources */,
			);
			buildRules = (
			);
			dependencies = (
			);
			name = WorkLinx;
			productName = WorkLinx;
			productReference = C77BDFF82A4AA1F0007A8D06 /* WorkLinx.app */;
			productType = "com.apple.product-type.application";
		};
/* End PBXNativeTarget section */

/* Begin PBXProject section */
		C77BDFF02A4AA1F0007A8D06 /* Project object */ = {
			isa = PBXProject;
			attributes = {
				BuildIndependentTargetsInParallel = 1;
				LastSwiftUpdateCheck = 1430;
				LastUpgradeCheck = 1430;
				TargetAttributes = {
					C77BDFF72A4AA1F0007A8D06 = {
						CreatedOnToolsVersion = 14.3;
					};
				};
			};
			buildConfigurationList = C77BDFF32A4AA1F0007A8D06 /* Build configuration list for PBXProject "WorkLinx" */;
			compatibilityVersion = "Xcode 14.0";
			developmentRegion = en;
			hasScannedForEncodings = 0;
			knownRegions = (
				en,
				Base,
			);
			mainGroup = C77BDFEF2A4AA1F0007A8D06;
			productRefGroup = C77BDFF92A4AA1F0007A8D06 /* Products */;
			projectDirPath = "";
			projectRoot = "";
			targets = (
				C77BDFF72A4AA1F0007A8D06 /* WorkLinx */,
			);
		};
/* End PBXProject section */

/* Begin PBXResourcesBuildPhase section */
		C77BDFF62A4AA1F0007A8D06 /* Resources */ = {
			isa = PBXResourcesBuildPhase;
			buildActionMask = 2147483647;
			files = (
				C77BE0082A4AA1F5007A8D06 /* LaunchScreen.storyboard in Resources */,
				C77BE0052A4AA1F5007A8D06 /* Assets.xcassets in Resources */,
				C77BE0032A4AA1F0007A8D06 /* Main.storyboard in Resources */,
			);
			runOnlyForDeploymentPostprocessing = 0;
		};
/* End PBXResourcesBuildPhase section */

/* Begin PBXSourcesBuildPhase section */
		C77BDFF42A4AA1F0007A8D06 /* Sources */ = {
			isa = PBXSourcesBuildPhase;
			buildActionMask = 2147483647;
			files = (
				C77BE01D2A4B2744007A8D06 /* RegisterViewController.swift in Sources */,
				C77BE0122A4AB216007A8D06 /* CustomTextField.swift in Sources */,
				C7E050692A53F4120026971C /* BackButton.swift in Sources */,
				C77BE0002A4AA1F0007A8D06 /* SplashViewController.swift in Sources */,
				C77BE0152A4AB2B6007A8D06 /* AuthViewController.swift in Sources */,
				C7E0506D2A5410030026971C /* Utils.swift in Sources */,
				C7E050672A53F3F80026971C /* CustomNavigationBar.swift in Sources */,
				C77BDFFC2A4AA1F0007A8D06 /* AppDelegate.swift in Sources */,
				C77BE01B2A4AD48C007A8D06 /* CustomButton.swift in Sources */,
				C77BDFFE2A4AA1F0007A8D06 /* SceneDelegate.swift in Sources */,
				C77BE0172A4ACFCD007A8D06 /* SignInForm.swift in Sources */,
				C77BE0192A4ACFEF007A8D06 /* SignUpForm.swift in Sources */,
				C7E0506F2A5428DE0026971C /* RegisterEmployerViewController.swift in Sources */,
				C7E0506B2A5409030026971C /* RegisterEmployeeViewController.swift in Sources */,
			);
			runOnlyForDeploymentPostprocessing = 0;
		};
/* End PBXSourcesBuildPhase section */

/* Begin PBXVariantGroup section */
		C77BE0012A4AA1F0007A8D06 /* Main.storyboard */ = {
			isa = PBXVariantGroup;
			children = (
				C77BE0022A4AA1F0007A8D06 /* Base */,
			);
			name = Main.storyboard;
			sourceTree = "<group>";
		};
		C77BE0062A4AA1F5007A8D06 /* LaunchScreen.storyboard */ = {
			isa = PBXVariantGroup;
			children = (
				C77BE0072A4AA1F5007A8D06 /* Base */,
			);
			name = LaunchScreen.storyboard;
			sourceTree = "<group>";
		};
/* End PBXVariantGroup section */

/* Begin XCBuildConfiguration section */
		C77BE00A2A4AA1F5007A8D06 /* Debug */ = {
			isa = XCBuildConfiguration;
			buildSettings = {
				ALWAYS_SEARCH_USER_PATHS = NO;
				CLANG_ANALYZER_NONNULL = YES;
				CLANG_ANALYZER_NUMBER_OBJECT_CONVERSION = YES_AGGRESSIVE;
				CLANG_CXX_LANGUAGE_STANDARD = "gnu++20";
				CLANG_ENABLE_MODULES = YES;
				CLANG_ENABLE_OBJC_ARC = YES;
				CLANG_ENABLE_OBJC_WEAK = YES;
				CLANG_WARN_BLOCK_CAPTURE_AUTORELEASING = YES;
				CLANG_WARN_BOOL_CONVERSION = YES;
				CLANG_WARN_COMMA = YES;
				CLANG_WARN_CONSTANT_CONVERSION = YES;
				CLANG_WARN_DEPRECATED_OBJC_IMPLEMENTATIONS = YES;
				CLANG_WARN_DIRECT_OBJC_ISA_USAGE = YES_ERROR;
				CLANG_WARN_DOCUMENTATION_COMMENTS = YES;
				CLANG_WARN_EMPTY_BODY = YES;
				CLANG_WARN_ENUM_CONVERSION = YES;
				CLANG_WARN_INFINITE_RECURSION = YES;
				CLANG_WARN_INT_CONVERSION = YES;
				CLANG_WARN_NON_LITERAL_NULL_CONVERSION = YES;
				CLANG_WARN_OBJC_IMPLICIT_RETAIN_SELF = YES;
				CLANG_WARN_OBJC_LITERAL_CONVERSION = YES;
				CLANG_WARN_OBJC_ROOT_CLASS = YES_ERROR;
				CLANG_WARN_QUOTED_INCLUDE_IN_FRAMEWORK_HEADER = YES;
				CLANG_WARN_RANGE_LOOP_ANALYSIS = YES;
				CLANG_WARN_STRICT_PROTOTYPES = YES;
				CLANG_WARN_SUSPICIOUS_MOVE = YES;
				CLANG_WARN_UNGUARDED_AVAILABILITY = YES_AGGRESSIVE;
				CLANG_WARN_UNREACHABLE_CODE = YES;
				CLANG_WARN__DUPLICATE_METHOD_MATCH = YES;
				COPY_PHASE_STRIP = NO;
				DEBUG_INFORMATION_FORMAT = dwarf;
				ENABLE_STRICT_OBJC_MSGSEND = YES;
				ENABLE_TESTABILITY = YES;
				GCC_C_LANGUAGE_STANDARD = gnu11;
				GCC_DYNAMIC_NO_PIC = NO;
				GCC_NO_COMMON_BLOCKS = YES;
				GCC_OPTIMIZATION_LEVEL = 0;
				GCC_PREPROCESSOR_DEFINITIONS = (
					"DEBUG=1",
					"$(inherited)",
				);
				GCC_WARN_64_TO_32_BIT_CONVERSION = YES;
				GCC_WARN_ABOUT_RETURN_TYPE = YES_ERROR;
				GCC_WARN_UNDECLARED_SELECTOR = YES;
				GCC_WARN_UNINITIALIZED_AUTOS = YES_AGGRESSIVE;
				GCC_WARN_UNUSED_FUNCTION = YES;
				GCC_WARN_UNUSED_VARIABLE = YES;
				IPHONEOS_DEPLOYMENT_TARGET = 16.4;
				MTL_ENABLE_DEBUG_INFO = INCLUDE_SOURCE;
				MTL_FAST_MATH = YES;
				ONLY_ACTIVE_ARCH = YES;
				SDKROOT = iphoneos;
				SWIFT_ACTIVE_COMPILATION_CONDITIONS = DEBUG;
				SWIFT_OPTIMIZATION_LEVEL = "-Onone";
			};
			name = Debug;
		};
		C77BE00B2A4AA1F5007A8D06 /* Release */ = {
			isa = XCBuildConfiguration;
			buildSettings = {
				ALWAYS_SEARCH_USER_PATHS = NO;
				CLANG_ANALYZER_NONNULL = YES;
				CLANG_ANALYZER_NUMBER_OBJECT_CONVERSION = YES_AGGRESSIVE;
				CLANG_CXX_LANGUAGE_STANDARD = "gnu++20";
				CLANG_ENABLE_MODULES = YES;
				CLANG_ENABLE_OBJC_ARC = YES;
				CLANG_ENABLE_OBJC_WEAK = YES;
				CLANG_WARN_BLOCK_CAPTURE_AUTORELEASING = YES;
				CLANG_WARN_BOOL_CONVERSION = YES;
				CLANG_WARN_COMMA = YES;
				CLANG_WARN_CONSTANT_CONVERSION = YES;
				CLANG_WARN_DEPRECATED_OBJC_IMPLEMENTATIONS = YES;
				CLANG_WARN_DIRECT_OBJC_ISA_USAGE = YES_ERROR;
				CLANG_WARN_DOCUMENTATION_COMMENTS = YES;
				CLANG_WARN_EMPTY_BODY = YES;
				CLANG_WARN_ENUM_CONVERSION = YES;
				CLANG_WARN_INFINITE_RECURSION = YES;
				CLANG_WARN_INT_CONVERSION = YES;
				CLANG_WARN_NON_LITERAL_NULL_CONVERSION = YES;
				CLANG_WARN_OBJC_IMPLICIT_RETAIN_SELF = YES;
				CLANG_WARN_OBJC_LITERAL_CONVERSION = YES;
				CLANG_WARN_OBJC_ROOT_CLASS = YES_ERROR;
				CLANG_WARN_QUOTED_INCLUDE_IN_FRAMEWORK_HEADER = YES;
				CLANG_WARN_RANGE_LOOP_ANALYSIS = YES;
				CLANG_WARN_STRICT_PROTOTYPES = YES;
				CLANG_WARN_SUSPICIOUS_MOVE = YES;
				CLANG_WARN_UNGUARDED_AVAILABILITY = YES_AGGRESSIVE;
				CLANG_WARN_UNREACHABLE_CODE = YES;
				CLANG_WARN__DUPLICATE_METHOD_MATCH = YES;
				COPY_PHASE_STRIP = NO;
				DEBUG_INFORMATION_FORMAT = "dwarf-with-dsym";
				ENABLE_NS_ASSERTIONS = NO;
				ENABLE_STRICT_OBJC_MSGSEND = YES;
				GCC_C_LANGUAGE_STANDARD = gnu11;
				GCC_NO_COMMON_BLOCKS = YES;
				GCC_WARN_64_TO_32_BIT_CONVERSION = YES;
				GCC_WARN_ABOUT_RETURN_TYPE = YES_ERROR;
				GCC_WARN_UNDECLARED_SELECTOR = YES;
				GCC_WARN_UNINITIALIZED_AUTOS = YES_AGGRESSIVE;
				GCC_WARN_UNUSED_FUNCTION = YES;
				GCC_WARN_UNUSED_VARIABLE = YES;
				IPHONEOS_DEPLOYMENT_TARGET = 16.4;
				MTL_ENABLE_DEBUG_INFO = NO;
				MTL_FAST_MATH = YES;
				SDKROOT = iphoneos;
				SWIFT_COMPILATION_MODE = wholemodule;
				SWIFT_OPTIMIZATION_LEVEL = "-O";
				VALIDATE_PRODUCT = YES;
			};
			name = Release;
		};
		C77BE00D2A4AA1F5007A8D06 /* Debug */ = {
			isa = XCBuildConfiguration;
			buildSettings = {
				ASSETCATALOG_COMPILER_APPICON_NAME = AppIcon;
				ASSETCATALOG_COMPILER_GLOBAL_ACCENT_COLOR_NAME = AccentColor;
				CODE_SIGN_STYLE = Automatic;
				CURRENT_PROJECT_VERSION = 1;
				DEVELOPMENT_TEAM = SJ6YJVGU28;
				GENERATE_INFOPLIST_FILE = YES;
				INFOPLIST_FILE = WorkLinx/Info.plist;
				INFOPLIST_KEY_UIApplicationSupportsIndirectInputEvents = YES;
				INFOPLIST_KEY_UILaunchStoryboardName = LaunchScreen;
				INFOPLIST_KEY_UIMainStoryboardFile = Main;
				INFOPLIST_KEY_UISupportedInterfaceOrientations_iPad = "UIInterfaceOrientationPortrait UIInterfaceOrientationPortraitUpsideDown UIInterfaceOrientationLandscapeLeft UIInterfaceOrientationLandscapeRight";
				INFOPLIST_KEY_UISupportedInterfaceOrientations_iPhone = "UIInterfaceOrientationPortrait UIInterfaceOrientationLandscapeLeft UIInterfaceOrientationLandscapeRight";
				LD_RUNPATH_SEARCH_PATHS = (
					"$(inherited)",
					"@executable_path/Frameworks",
				);
				MARKETING_VERSION = 1.0;
				PRODUCT_BUNDLE_IDENTIFIER = ca.bcit.a00896698.WorkLinx;
				PRODUCT_NAME = "$(TARGET_NAME)";
				SWIFT_EMIT_LOC_STRINGS = YES;
				SWIFT_VERSION = 5.0;
				TARGETED_DEVICE_FAMILY = "1,2";
			};
			name = Debug;
		};
		C77BE00E2A4AA1F5007A8D06 /* Release */ = {
			isa = XCBuildConfiguration;
			buildSettings = {
				ASSETCATALOG_COMPILER_APPICON_NAME = AppIcon;
				ASSETCATALOG_COMPILER_GLOBAL_ACCENT_COLOR_NAME = AccentColor;
				CODE_SIGN_STYLE = Automatic;
				CURRENT_PROJECT_VERSION = 1;
				DEVELOPMENT_TEAM = SJ6YJVGU28;
				GENERATE_INFOPLIST_FILE = YES;
				INFOPLIST_FILE = WorkLinx/Info.plist;
				INFOPLIST_KEY_UIApplicationSupportsIndirectInputEvents = YES;
				INFOPLIST_KEY_UILaunchStoryboardName = LaunchScreen;
				INFOPLIST_KEY_UIMainStoryboardFile = Main;
				INFOPLIST_KEY_UISupportedInterfaceOrientations_iPad = "UIInterfaceOrientationPortrait UIInterfaceOrientationPortraitUpsideDown UIInterfaceOrientationLandscapeLeft UIInterfaceOrientationLandscapeRight";
				INFOPLIST_KEY_UISupportedInterfaceOrientations_iPhone = "UIInterfaceOrientationPortrait UIInterfaceOrientationLandscapeLeft UIInterfaceOrientationLandscapeRight";
				LD_RUNPATH_SEARCH_PATHS = (
					"$(inherited)",
					"@executable_path/Frameworks",
				);
				MARKETING_VERSION = 1.0;
				PRODUCT_BUNDLE_IDENTIFIER = ca.bcit.a00896698.WorkLinx;
				PRODUCT_NAME = "$(TARGET_NAME)";
				SWIFT_EMIT_LOC_STRINGS = YES;
				SWIFT_VERSION = 5.0;
				TARGETED_DEVICE_FAMILY = "1,2";
			};
			name = Release;
		};
/* End XCBuildConfiguration section */

/* Begin XCConfigurationList section */
		C77BDFF32A4AA1F0007A8D06 /* Build configuration list for PBXProject "WorkLinx" */ = {
			isa = XCConfigurationList;
			buildConfigurations = (
				C77BE00A2A4AA1F5007A8D06 /* Debug */,
				C77BE00B2A4AA1F5007A8D06 /* Release */,
			);
			defaultConfigurationIsVisible = 0;
			defaultConfigurationName = Release;
		};
		C77BE00C2A4AA1F5007A8D06 /* Build configuration list for PBXNativeTarget "WorkLinx" */ = {
			isa = XCConfigurationList;
			buildConfigurations = (
				C77BE00D2A4AA1F5007A8D06 /* Debug */,
				C77BE00E2A4AA1F5007A8D06 /* Release */,
			);
			defaultConfigurationIsVisible = 0;
			defaultConfigurationName = Release;
		};
/* End XCConfigurationList section */
	};
	rootObject = C77BDFF02A4AA1F0007A8D06 /* Project object */;
}
