// !$*UTF8*$!
{
	archiveVersion = 1;
	classes = {
	};
	objectVersion = 56;
	objects = {

/* Begin PBXBuildFile section */
		C705144B2A6A79C2003A69EA /* ButtonGroup.swift in Sources */ = {isa = PBXBuildFile; fileRef = C705144A2A6A79C2003A69EA /* ButtonGroup.swift */; };
		C70AB40B2A69870A009736B8 /* SelectWorkPlaceViewController.swift in Sources */ = {isa = PBXBuildFile; fileRef = C70AB40A2A69870A009736B8 /* SelectWorkPlaceViewController.swift */; };
		C70AB40D2A6987E4009736B8 /* WorkspaceCell.swift in Sources */ = {isa = PBXBuildFile; fileRef = C70AB40C2A6987E4009736B8 /* WorkspaceCell.swift */; };
		C70AB40F2A69BFA2009736B8 /* CreateWorkspaceCell.swift in Sources */ = {isa = PBXBuildFile; fileRef = C70AB40E2A69BFA2009736B8 /* CreateWorkspaceCell.swift */; };
		C70CCEAF2A6B7D4A000677F1 /* FirebaseAnalytics in Frameworks */ = {isa = PBXBuildFile; productRef = C70CCEAE2A6B7D4A000677F1 /* FirebaseAnalytics */; };
		C70CCEB12A6B7D4A000677F1 /* FirebaseAnalyticsWithoutAdIdSupport in Frameworks */ = {isa = PBXBuildFile; productRef = C70CCEB02A6B7D4A000677F1 /* FirebaseAnalyticsWithoutAdIdSupport */; };
		C70CCEB32A6B7D4A000677F1 /* FirebaseAuth in Frameworks */ = {isa = PBXBuildFile; productRef = C70CCEB22A6B7D4A000677F1 /* FirebaseAuth */; };
		C70CCEB52A6B7D4A000677F1 /* FirebaseDatabase in Frameworks */ = {isa = PBXBuildFile; productRef = C70CCEB42A6B7D4A000677F1 /* FirebaseDatabase */; };
		C70CCEB72A6B7D4A000677F1 /* FirebaseFirestore in Frameworks */ = {isa = PBXBuildFile; productRef = C70CCEB62A6B7D4A000677F1 /* FirebaseFirestore */; };
		C70CCEB92A6B7D4A000677F1 /* FirebaseMessaging in Frameworks */ = {isa = PBXBuildFile; productRef = C70CCEB82A6B7D4A000677F1 /* FirebaseMessaging */; };
		C73392C62A6D4B40004A7E60 /* UserProfileTableViewController.swift in Sources */ = {isa = PBXBuildFile; fileRef = C73392C52A6D4B3F004A7E60 /* UserProfileTableViewController.swift */; };
		C73392C82A6D4B81004A7E60 /* UserProfileCell.swift in Sources */ = {isa = PBXBuildFile; fileRef = C73392C72A6D4B81004A7E60 /* UserProfileCell.swift */; };
		C77BDFFC2A4AA1F0007A8D06 /* AppDelegate.swift in Sources */ = {isa = PBXBuildFile; fileRef = C77BDFFB2A4AA1F0007A8D06 /* AppDelegate.swift */; };
		C77BDFFE2A4AA1F0007A8D06 /* SceneDelegate.swift in Sources */ = {isa = PBXBuildFile; fileRef = C77BDFFD2A4AA1F0007A8D06 /* SceneDelegate.swift */; };
		C77BE0002A4AA1F0007A8D06 /* SplashViewController.swift in Sources */ = {isa = PBXBuildFile; fileRef = C77BDFFF2A4AA1F0007A8D06 /* SplashViewController.swift */; };
		C77BE0032A4AA1F0007A8D06 /* Main.storyboard in Resources */ = {isa = PBXBuildFile; fileRef = C77BE0012A4AA1F0007A8D06 /* Main.storyboard */; };
		C77BE0052A4AA1F5007A8D06 /* Assets.xcassets in Resources */ = {isa = PBXBuildFile; fileRef = C77BE0042A4AA1F5007A8D06 /* Assets.xcassets */; };
		C77BE0082A4AA1F5007A8D06 /* LaunchScreen.storyboard in Resources */ = {isa = PBXBuildFile; fileRef = C77BE0062A4AA1F5007A8D06 /* LaunchScreen.storyboard */; };
		C77BE0122A4AB216007A8D06 /* CustomTextField.swift in Sources */ = {isa = PBXBuildFile; fileRef = C77BE0112A4AB216007A8D06 /* CustomTextField.swift */; };
		C77BE0152A4AB2B6007A8D06 /* AuthViewController.swift in Sources */ = {isa = PBXBuildFile; fileRef = C77BE0142A4AB2B6007A8D06 /* AuthViewController.swift */; };
		C77BE0172A4ACFCD007A8D06 /* SignInForm.swift in Sources */ = {isa = PBXBuildFile; fileRef = C77BE0162A4ACFCD007A8D06 /* SignInForm.swift */; };
		C77BE0192A4ACFEF007A8D06 /* SignUpForm.swift in Sources */ = {isa = PBXBuildFile; fileRef = C77BE0182A4ACFEF007A8D06 /* SignUpForm.swift */; };
		C77BE01B2A4AD48C007A8D06 /* CustomButton.swift in Sources */ = {isa = PBXBuildFile; fileRef = C77BE01A2A4AD48C007A8D06 /* CustomButton.swift */; };
		C77BE01D2A4B2744007A8D06 /* RegisterViewController.swift in Sources */ = {isa = PBXBuildFile; fileRef = C77BE01C2A4B2744007A8D06 /* RegisterViewController.swift */; };
		C79C22B72A6B8FED001F2253 /* GoogleService-Info.plist in Resources */ = {isa = PBXBuildFile; fileRef = C79C22B62A6B8FED001F2253 /* GoogleService-Info.plist */; };
		C7B0C15E2A626193007DCCEC /* DataProvider.swift in Sources */ = {isa = PBXBuildFile; fileRef = C7B0C15D2A626193007DCCEC /* DataProvider.swift */; };
		C7CF59902A619C5400D2A3D3 /* MoreCell.swift in Sources */ = {isa = PBXBuildFile; fileRef = C7CF598F2A619C5400D2A3D3 /* MoreCell.swift */; };
		C7CF59922A6237B200D2A3D3 /* CustomNavigationBar.swift in Sources */ = {isa = PBXBuildFile; fileRef = C7CF59912A6237B200D2A3D3 /* CustomNavigationBar.swift */; };
		C7CF59942A62414E00D2A3D3 /* DashboardCell.swift in Sources */ = {isa = PBXBuildFile; fileRef = C7CF59932A62414E00D2A3D3 /* DashboardCell.swift */; };
		C7E050692A53F4120026971C /* BackButton.swift in Sources */ = {isa = PBXBuildFile; fileRef = C7E050682A53F4120026971C /* BackButton.swift */; };
		C7E0506B2A5409030026971C /* RegisterEmployeeViewController.swift in Sources */ = {isa = PBXBuildFile; fileRef = C7E0506A2A5409030026971C /* RegisterEmployeeViewController.swift */; };
		C7E0506D2A5410030026971C /* Utils.swift in Sources */ = {isa = PBXBuildFile; fileRef = C7E0506C2A5410030026971C /* Utils.swift */; };
		C7E0506F2A5428DE0026971C /* RegisterEmployerViewController.swift in Sources */ = {isa = PBXBuildFile; fileRef = C7E0506E2A5428DE0026971C /* RegisterEmployerViewController.swift */; };
		C7E0A2512A58824C00003473 /* MenuBarViewController.swift in Sources */ = {isa = PBXBuildFile; fileRef = C7E0A2502A58824C00003473 /* MenuBarViewController.swift */; };
		C7E0A2532A59A90E00003473 /* DashboardViewController.swift in Sources */ = {isa = PBXBuildFile; fileRef = C7E0A2522A59A90E00003473 /* DashboardViewController.swift */; };
		C7E0A2552A59B23700003473 /* ScheduleViewController.swift in Sources */ = {isa = PBXBuildFile; fileRef = C7E0A2542A59B23700003473 /* ScheduleViewController.swift */; };
		C7E0A2572A59B24700003473 /* AttendanceViewController.swift in Sources */ = {isa = PBXBuildFile; fileRef = C7E0A2562A59B24700003473 /* AttendanceViewController.swift */; };
		C7E0A2592A59B25800003473 /* RequestViewController.swift in Sources */ = {isa = PBXBuildFile; fileRef = C7E0A2582A59B25800003473 /* RequestViewController.swift */; };
		C7E0A25B2A59B26000003473 /* MoreViewController.swift in Sources */ = {isa = PBXBuildFile; fileRef = C7E0A25A2A59B26000003473 /* MoreViewController.swift */; };
		C7ECD8412A6258AC00D494EB /* Workspace.swift in Sources */ = {isa = PBXBuildFile; fileRef = C7ECD8402A6258AC00D494EB /* Workspace.swift */; };
		C7ECD8432A6258B700D494EB /* User.swift in Sources */ = {isa = PBXBuildFile; fileRef = C7ECD8422A6258B700D494EB /* User.swift */; };
		C7ECD8452A625A4700D494EB /* Shift.swift in Sources */ = {isa = PBXBuildFile; fileRef = C7ECD8442A625A4700D494EB /* Shift.swift */; };
		C7ECD8472A625BA400D494EB /* TimeOff.swift in Sources */ = {isa = PBXBuildFile; fileRef = C7ECD8462A625BA400D494EB /* TimeOff.swift */; };
		FA0807A02A71292C001761E8 /* AvailabilityViewController.swift in Sources */ = {isa = PBXBuildFile; fileRef = FA08079F2A71292C001761E8 /* AvailabilityViewController.swift */; };
/* End PBXBuildFile section */

/* Begin PBXFileReference section */
		C705144A2A6A79C2003A69EA /* ButtonGroup.swift */ = {isa = PBXFileReference; lastKnownFileType = sourcecode.swift; path = ButtonGroup.swift; sourceTree = "<group>"; };
		C70AB40A2A69870A009736B8 /* SelectWorkPlaceViewController.swift */ = {isa = PBXFileReference; lastKnownFileType = sourcecode.swift; path = SelectWorkPlaceViewController.swift; sourceTree = "<group>"; };
		C70AB40C2A6987E4009736B8 /* WorkspaceCell.swift */ = {isa = PBXFileReference; lastKnownFileType = sourcecode.swift; path = WorkspaceCell.swift; sourceTree = "<group>"; };
		C70AB40E2A69BFA2009736B8 /* CreateWorkspaceCell.swift */ = {isa = PBXFileReference; lastKnownFileType = sourcecode.swift; path = CreateWorkspaceCell.swift; sourceTree = "<group>"; };
		C73392C52A6D4B3F004A7E60 /* UserProfileTableViewController.swift */ = {isa = PBXFileReference; lastKnownFileType = sourcecode.swift; path = UserProfileTableViewController.swift; sourceTree = "<group>"; };
		C73392C72A6D4B81004A7E60 /* UserProfileCell.swift */ = {isa = PBXFileReference; lastKnownFileType = sourcecode.swift; path = UserProfileCell.swift; sourceTree = "<group>"; };
		C77BDFF82A4AA1F0007A8D06 /* WorkLinx.app */ = {isa = PBXFileReference; explicitFileType = wrapper.application; includeInIndex = 0; path = WorkLinx.app; sourceTree = BUILT_PRODUCTS_DIR; };
		C77BDFFB2A4AA1F0007A8D06 /* AppDelegate.swift */ = {isa = PBXFileReference; lastKnownFileType = sourcecode.swift; path = AppDelegate.swift; sourceTree = "<group>"; };
		C77BDFFD2A4AA1F0007A8D06 /* SceneDelegate.swift */ = {isa = PBXFileReference; lastKnownFileType = sourcecode.swift; path = SceneDelegate.swift; sourceTree = "<group>"; };
		C77BDFFF2A4AA1F0007A8D06 /* SplashViewController.swift */ = {isa = PBXFileReference; lastKnownFileType = sourcecode.swift; path = SplashViewController.swift; sourceTree = "<group>"; };
		C77BE0022A4AA1F0007A8D06 /* Base */ = {isa = PBXFileReference; lastKnownFileType = file.storyboard; name = Base; path = Base.lproj/Main.storyboard; sourceTree = "<group>"; };
		C77BE0042A4AA1F5007A8D06 /* Assets.xcassets */ = {isa = PBXFileReference; lastKnownFileType = folder.assetcatalog; path = Assets.xcassets; sourceTree = "<group>"; };
		C77BE0072A4AA1F5007A8D06 /* Base */ = {isa = PBXFileReference; lastKnownFileType = file.storyboard; name = Base; path = Base.lproj/LaunchScreen.storyboard; sourceTree = "<group>"; };
		C77BE0092A4AA1F5007A8D06 /* Info.plist */ = {isa = PBXFileReference; lastKnownFileType = text.plist.xml; path = Info.plist; sourceTree = "<group>"; };
		C77BE0112A4AB216007A8D06 /* CustomTextField.swift */ = {isa = PBXFileReference; lastKnownFileType = sourcecode.swift; path = CustomTextField.swift; sourceTree = "<group>"; };
		C77BE0142A4AB2B6007A8D06 /* AuthViewController.swift */ = {isa = PBXFileReference; lastKnownFileType = sourcecode.swift; path = AuthViewController.swift; sourceTree = "<group>"; };
		C77BE0162A4ACFCD007A8D06 /* SignInForm.swift */ = {isa = PBXFileReference; lastKnownFileType = sourcecode.swift; path = SignInForm.swift; sourceTree = "<group>"; };
		C77BE0182A4ACFEF007A8D06 /* SignUpForm.swift */ = {isa = PBXFileReference; lastKnownFileType = sourcecode.swift; path = SignUpForm.swift; sourceTree = "<group>"; };
		C77BE01A2A4AD48C007A8D06 /* CustomButton.swift */ = {isa = PBXFileReference; lastKnownFileType = sourcecode.swift; path = CustomButton.swift; sourceTree = "<group>"; };
		C77BE01C2A4B2744007A8D06 /* RegisterViewController.swift */ = {isa = PBXFileReference; lastKnownFileType = sourcecode.swift; path = RegisterViewController.swift; sourceTree = "<group>"; };
		C79C22B62A6B8FED001F2253 /* GoogleService-Info.plist */ = {isa = PBXFileReference; fileEncoding = 4; lastKnownFileType = text.plist.xml; path = "GoogleService-Info.plist"; sourceTree = "<group>"; };
		C7B0C15D2A626193007DCCEC /* DataProvider.swift */ = {isa = PBXFileReference; lastKnownFileType = sourcecode.swift; path = DataProvider.swift; sourceTree = "<group>"; };
		C7CF598F2A619C5400D2A3D3 /* MoreCell.swift */ = {isa = PBXFileReference; lastKnownFileType = sourcecode.swift; path = MoreCell.swift; sourceTree = "<group>"; };
		C7CF59912A6237B200D2A3D3 /* CustomNavigationBar.swift */ = {isa = PBXFileReference; lastKnownFileType = sourcecode.swift; path = CustomNavigationBar.swift; sourceTree = "<group>"; };
		C7CF59932A62414E00D2A3D3 /* DashboardCell.swift */ = {isa = PBXFileReference; lastKnownFileType = sourcecode.swift; path = DashboardCell.swift; sourceTree = "<group>"; };
		C7E050682A53F4120026971C /* BackButton.swift */ = {isa = PBXFileReference; lastKnownFileType = sourcecode.swift; path = BackButton.swift; sourceTree = "<group>"; };
		C7E0506A2A5409030026971C /* RegisterEmployeeViewController.swift */ = {isa = PBXFileReference; lastKnownFileType = sourcecode.swift; path = RegisterEmployeeViewController.swift; sourceTree = "<group>"; };
		C7E0506C2A5410030026971C /* Utils.swift */ = {isa = PBXFileReference; lastKnownFileType = sourcecode.swift; path = Utils.swift; sourceTree = "<group>"; };
		C7E0506E2A5428DE0026971C /* RegisterEmployerViewController.swift */ = {isa = PBXFileReference; lastKnownFileType = sourcecode.swift; path = RegisterEmployerViewController.swift; sourceTree = "<group>"; };
		C7E0A2502A58824C00003473 /* MenuBarViewController.swift */ = {isa = PBXFileReference; lastKnownFileType = sourcecode.swift; path = MenuBarViewController.swift; sourceTree = "<group>"; };
		C7E0A2522A59A90E00003473 /* DashboardViewController.swift */ = {isa = PBXFileReference; lastKnownFileType = sourcecode.swift; path = DashboardViewController.swift; sourceTree = "<group>"; };
		C7E0A2542A59B23700003473 /* ScheduleViewController.swift */ = {isa = PBXFileReference; lastKnownFileType = sourcecode.swift; path = ScheduleViewController.swift; sourceTree = "<group>"; };
		C7E0A2562A59B24700003473 /* AttendanceViewController.swift */ = {isa = PBXFileReference; lastKnownFileType = sourcecode.swift; path = AttendanceViewController.swift; sourceTree = "<group>"; };
		C7E0A2582A59B25800003473 /* RequestViewController.swift */ = {isa = PBXFileReference; lastKnownFileType = sourcecode.swift; path = RequestViewController.swift; sourceTree = "<group>"; };
		C7E0A25A2A59B26000003473 /* MoreViewController.swift */ = {isa = PBXFileReference; lastKnownFileType = sourcecode.swift; path = MoreViewController.swift; sourceTree = "<group>"; };
		C7ECD8402A6258AC00D494EB /* Workspace.swift */ = {isa = PBXFileReference; lastKnownFileType = sourcecode.swift; path = Workspace.swift; sourceTree = "<group>"; };
		C7ECD8422A6258B700D494EB /* User.swift */ = {isa = PBXFileReference; lastKnownFileType = sourcecode.swift; path = User.swift; sourceTree = "<group>"; };
		C7ECD8442A625A4700D494EB /* Shift.swift */ = {isa = PBXFileReference; lastKnownFileType = sourcecode.swift; path = Shift.swift; sourceTree = "<group>"; };
		C7ECD8462A625BA400D494EB /* TimeOff.swift */ = {isa = PBXFileReference; lastKnownFileType = sourcecode.swift; path = TimeOff.swift; sourceTree = "<group>"; };
		FA08079F2A71292C001761E8 /* AvailabilityViewController.swift */ = {isa = PBXFileReference; lastKnownFileType = sourcecode.swift; name = AvailabilityViewController.swift; path = WorkLinx/ViewControllers/More/AvailabilityViewController.swift; sourceTree = SOURCE_ROOT; };
/* End PBXFileReference section */

/* Begin PBXFrameworksBuildPhase section */
		C77BDFF52A4AA1F0007A8D06 /* Frameworks */ = {
			isa = PBXFrameworksBuildPhase;
			buildActionMask = 2147483647;
			files = (
				C70CCEB92A6B7D4A000677F1 /* FirebaseMessaging in Frameworks */,
				C70CCEAF2A6B7D4A000677F1 /* FirebaseAnalytics in Frameworks */,
				C70CCEB32A6B7D4A000677F1 /* FirebaseAuth in Frameworks */,
				C70CCEB52A6B7D4A000677F1 /* FirebaseDatabase in Frameworks */,
				C70CCEB72A6B7D4A000677F1 /* FirebaseFirestore in Frameworks */,
				C70CCEB12A6B7D4A000677F1 /* FirebaseAnalyticsWithoutAdIdSupport in Frameworks */,
			);
			runOnlyForDeploymentPostprocessing = 0;
		};
/* End PBXFrameworksBuildPhase section */

/* Begin PBXGroup section */
		C70514492A6A5838003A69EA /* Auth */ = {
			isa = PBXGroup;
			children = (
				C77BE0142A4AB2B6007A8D06 /* AuthViewController.swift */,
				C77BE01C2A4B2744007A8D06 /* RegisterViewController.swift */,
				C7E0506A2A5409030026971C /* RegisterEmployeeViewController.swift */,
				C7E0506E2A5428DE0026971C /* RegisterEmployerViewController.swift */,
			);
			path = Auth;
			sourceTree = "<group>";
		};
		C73392C92A6D56FB004A7E60 /* More */ = {
			isa = PBXGroup;
			children = (
				C7E0A25A2A59B26000003473 /* MoreViewController.swift */,
				C73392C52A6D4B3F004A7E60 /* UserProfileTableViewController.swift */,
				C70AB40A2A69870A009736B8 /* SelectWorkPlaceViewController.swift */,
				FA08079F2A71292C001761E8 /* AvailabilityViewController.swift */,
			);
			path = More;
			sourceTree = "<group>";
		};
		C77BDFEF2A4AA1F0007A8D06 = {
			isa = PBXGroup;
			children = (
				C77BDFFA2A4AA1F0007A8D06 /* WorkLinx */,
				C77BDFF92A4AA1F0007A8D06 /* Products */,
			);
			sourceTree = "<group>";
		};
		C77BDFF92A4AA1F0007A8D06 /* Products */ = {
			isa = PBXGroup;
			children = (
				C77BDFF82A4AA1F0007A8D06 /* WorkLinx.app */,
			);
			name = Products;
			sourceTree = "<group>";
		};
		C77BDFFA2A4AA1F0007A8D06 /* WorkLinx */ = {
			isa = PBXGroup;
			children = (
				C7E0506C2A5410030026971C /* Utils.swift */,
				C7ECD8482A625C3900D494EB /* Data */,
				C7D43BC52A69D9CB00798A63 /* Cells */,
				C77BE0132A4AB222007A8D06 /* Components */,
				C77BE0102A4AAF94007A8D06 /* ViewControllers */,
				C77BE00F2A4AAF4A007A8D06 /* UI */,
				C77BDFFB2A4AA1F0007A8D06 /* AppDelegate.swift */,
				C77BDFFD2A4AA1F0007A8D06 /* SceneDelegate.swift */,
				C77BE0042A4AA1F5007A8D06 /* Assets.xcassets */,
				C77BE0062A4AA1F5007A8D06 /* LaunchScreen.storyboard */,
				C77BE0092A4AA1F5007A8D06 /* Info.plist */,
				C79C22B62A6B8FED001F2253 /* GoogleService-Info.plist */,
			);
			path = WorkLinx;
			sourceTree = "<group>";
		};
		C77BE00F2A4AAF4A007A8D06 /* UI */ = {
			isa = PBXGroup;
			children = (
				C77BE0012A4AA1F0007A8D06 /* Main.storyboard */,
			);
			path = UI;
			sourceTree = "<group>";
		};
		C77BE0102A4AAF94007A8D06 /* ViewControllers */ = {
			isa = PBXGroup;
			children = (
				C70514492A6A5838003A69EA /* Auth */,
				C73392C92A6D56FB004A7E60 /* More */,
				C77BDFFF2A4AA1F0007A8D06 /* SplashViewController.swift */,
				C7E0A2522A59A90E00003473 /* DashboardViewController.swift */,
				C7E0A2542A59B23700003473 /* ScheduleViewController.swift */,
				C7E0A2562A59B24700003473 /* AttendanceViewController.swift */,
				C7E0A2582A59B25800003473 /* RequestViewController.swift */,
			);
			path = ViewControllers;
			sourceTree = "<group>";
		};
		C77BE0132A4AB222007A8D06 /* Components */ = {
			isa = PBXGroup;
			children = (
				C77BE0112A4AB216007A8D06 /* CustomTextField.swift */,
				C77BE0162A4ACFCD007A8D06 /* SignInForm.swift */,
				C77BE0182A4ACFEF007A8D06 /* SignUpForm.swift */,
				C7CF59912A6237B200D2A3D3 /* CustomNavigationBar.swift */,
				C77BE01A2A4AD48C007A8D06 /* CustomButton.swift */,
				C7E050682A53F4120026971C /* BackButton.swift */,
				C705144A2A6A79C2003A69EA /* ButtonGroup.swift */,
				C7E0A2502A58824C00003473 /* MenuBarViewController.swift */,
			);
			path = Components;
			sourceTree = "<group>";
		};
		C7D43BC52A69D9CB00798A63 /* Cells */ = {
			isa = PBXGroup;
			children = (
				C7CF598F2A619C5400D2A3D3 /* MoreCell.swift */,
				C70AB40C2A6987E4009736B8 /* WorkspaceCell.swift */,
				C70AB40E2A69BFA2009736B8 /* CreateWorkspaceCell.swift */,
				C7CF59932A62414E00D2A3D3 /* DashboardCell.swift */,
				C73392C72A6D4B81004A7E60 /* UserProfileCell.swift */,
			);
			path = Cells;
			sourceTree = "<group>";
		};
		C7ECD8482A625C3900D494EB /* Data */ = {
			isa = PBXGroup;
			children = (
				C7ECD8402A6258AC00D494EB /* Workspace.swift */,
				C7ECD8422A6258B700D494EB /* User.swift */,
				C7B0C15D2A626193007DCCEC /* DataProvider.swift */,
				C7ECD8442A625A4700D494EB /* Shift.swift */,
				C7ECD8462A625BA400D494EB /* TimeOff.swift */,
			);
			path = Data;
			sourceTree = "<group>";
		};
/* End PBXGroup section */

/* Begin PBXNativeTarget section */
		C77BDFF72A4AA1F0007A8D06 /* WorkLinx */ = {
			isa = PBXNativeTarget;
			buildConfigurationList = C77BE00C2A4AA1F5007A8D06 /* Build configuration list for PBXNativeTarget "WorkLinx" */;
			buildPhases = (
				C77BDFF42A4AA1F0007A8D06 /* Sources */,
				C77BDFF52A4AA1F0007A8D06 /* Frameworks */,
				C77BDFF62A4AA1F0007A8D06 /* Resources */,
			);
			buildRules = (
			);
			dependencies = (
			);
			name = WorkLinx;
			packageProductDependencies = (
				C70CCEAE2A6B7D4A000677F1 /* FirebaseAnalytics */,
				C70CCEB02A6B7D4A000677F1 /* FirebaseAnalyticsWithoutAdIdSupport */,
				C70CCEB22A6B7D4A000677F1 /* FirebaseAuth */,
				C70CCEB42A6B7D4A000677F1 /* FirebaseDatabase */,
				C70CCEB62A6B7D4A000677F1 /* FirebaseFirestore */,
				C70CCEB82A6B7D4A000677F1 /* FirebaseMessaging */,
			);
			productName = WorkLinx;
			productReference = C77BDFF82A4AA1F0007A8D06 /* WorkLinx.app */;
			productType = "com.apple.product-type.application";
		};
/* End PBXNativeTarget section */

/* Begin PBXProject section */
		C77BDFF02A4AA1F0007A8D06 /* Project object */ = {
			isa = PBXProject;
			attributes = {
				BuildIndependentTargetsInParallel = 1;
				LastSwiftUpdateCheck = 1430;
				LastUpgradeCheck = 1430;
				TargetAttributes = {
					C77BDFF72A4AA1F0007A8D06 = {
						CreatedOnToolsVersion = 14.3;
					};
				};
			};
			buildConfigurationList = C77BDFF32A4AA1F0007A8D06 /* Build configuration list for PBXProject "WorkLinx" */;
			compatibilityVersion = "Xcode 14.0";
			developmentRegion = en;
			hasScannedForEncodings = 0;
			knownRegions = (
				en,
				Base,
			);
			mainGroup = C77BDFEF2A4AA1F0007A8D06;
			packageReferences = (
				C70CCEAD2A6B7D4A000677F1 /* XCRemoteSwiftPackageReference "firebase-ios-sdk" */,
			);
			productRefGroup = C77BDFF92A4AA1F0007A8D06 /* Products */;
			projectDirPath = "";
			projectRoot = "";
			targets = (
				C77BDFF72A4AA1F0007A8D06 /* WorkLinx */,
			);
		};
/* End PBXProject section */

/* Begin PBXResourcesBuildPhase section */
		C77BDFF62A4AA1F0007A8D06 /* Resources */ = {
			isa = PBXResourcesBuildPhase;
			buildActionMask = 2147483647;
			files = (
				C77BE0082A4AA1F5007A8D06 /* LaunchScreen.storyboard in Resources */,
				C79C22B72A6B8FED001F2253 /* GoogleService-Info.plist in Resources */,
				C77BE0052A4AA1F5007A8D06 /* Assets.xcassets in Resources */,
				C77BE0032A4AA1F0007A8D06 /* Main.storyboard in Resources */,
			);
			runOnlyForDeploymentPostprocessing = 0;
		};
/* End PBXResourcesBuildPhase section */

/* Begin PBXSourcesBuildPhase section */
		C77BDFF42A4AA1F0007A8D06 /* Sources */ = {
			isa = PBXSourcesBuildPhase;
			buildActionMask = 2147483647;
			files = (
				C77BE01D2A4B2744007A8D06 /* RegisterViewController.swift in Sources */,
				C70AB40B2A69870A009736B8 /* SelectWorkPlaceViewController.swift in Sources */,
				C77BE0122A4AB216007A8D06 /* CustomTextField.swift in Sources */,
				C7E0A2552A59B23700003473 /* ScheduleViewController.swift in Sources */,
				C7E050692A53F4120026971C /* BackButton.swift in Sources */,
				C77BE0002A4AA1F0007A8D06 /* SplashViewController.swift in Sources */,
				C7E0A25B2A59B26000003473 /* MoreViewController.swift in Sources */,
				C7B0C15E2A626193007DCCEC /* DataProvider.swift in Sources */,
				C7CF59922A6237B200D2A3D3 /* CustomNavigationBar.swift in Sources */,
				C7E0A2572A59B24700003473 /* AttendanceViewController.swift in Sources */,
				FA0807A02A71292C001761E8 /* AvailabilityViewController.swift in Sources */,
				C77BE0152A4AB2B6007A8D06 /* AuthViewController.swift in Sources */,
				C7ECD8452A625A4700D494EB /* Shift.swift in Sources */,
				C7ECD8472A625BA400D494EB /* TimeOff.swift in Sources */,
				C7E0506D2A5410030026971C /* Utils.swift in Sources */,
				C7E0A2592A59B25800003473 /* RequestViewController.swift in Sources */,
				C77BDFFC2A4AA1F0007A8D06 /* AppDelegate.swift in Sources */,
				C7ECD8412A6258AC00D494EB /* Workspace.swift in Sources */,
				C70AB40F2A69BFA2009736B8 /* CreateWorkspaceCell.swift in Sources */,
				C7E0A2512A58824C00003473 /* MenuBarViewController.swift in Sources */,
				C77BE01B2A4AD48C007A8D06 /* CustomButton.swift in Sources */,
				C70AB40D2A6987E4009736B8 /* WorkspaceCell.swift in Sources */,
				C7CF59902A619C5400D2A3D3 /* MoreCell.swift in Sources */,
				C73392C62A6D4B40004A7E60 /* UserProfileTableViewController.swift in Sources */,
				C77BDFFE2A4AA1F0007A8D06 /* SceneDelegate.swift in Sources */,
				C7CF59942A62414E00D2A3D3 /* DashboardCell.swift in Sources */,
				C73392C82A6D4B81004A7E60 /* UserProfileCell.swift in Sources */,
				C77BE0172A4ACFCD007A8D06 /* SignInForm.swift in Sources */,
				C77BE0192A4ACFEF007A8D06 /* SignUpForm.swift in Sources */,
				C705144B2A6A79C2003A69EA /* ButtonGroup.swift in Sources */,
				C7ECD8432A6258B700D494EB /* User.swift in Sources */,
				C7E0506F2A5428DE0026971C /* RegisterEmployerViewController.swift in Sources */,
				C7E0506B2A5409030026971C /* RegisterEmployeeViewController.swift in Sources */,
				C7E0A2532A59A90E00003473 /* DashboardViewController.swift in Sources */,
			);
			runOnlyForDeploymentPostprocessing = 0;
		};
/* End PBXSourcesBuildPhase section */

/* Begin PBXVariantGroup section */
		C77BE0012A4AA1F0007A8D06 /* Main.storyboard */ = {
			isa = PBXVariantGroup;
			children = (
				C77BE0022A4AA1F0007A8D06 /* Base */,
			);
			name = Main.storyboard;
			sourceTree = "<group>";
		};
		C77BE0062A4AA1F5007A8D06 /* LaunchScreen.storyboard */ = {
			isa = PBXVariantGroup;
			children = (
				C77BE0072A4AA1F5007A8D06 /* Base */,
			);
			name = LaunchScreen.storyboard;
			sourceTree = "<group>";
		};
/* End PBXVariantGroup section */

/* Begin XCBuildConfiguration section */
		C77BE00A2A4AA1F5007A8D06 /* Debug */ = {
			isa = XCBuildConfiguration;
			buildSettings = {
				ALWAYS_SEARCH_USER_PATHS = NO;
				CLANG_ANALYZER_NONNULL = YES;
				CLANG_ANALYZER_NUMBER_OBJECT_CONVERSION = YES_AGGRESSIVE;
				CLANG_CXX_LANGUAGE_STANDARD = "gnu++20";
				CLANG_ENABLE_MODULES = YES;
				CLANG_ENABLE_OBJC_ARC = YES;
				CLANG_ENABLE_OBJC_WEAK = YES;
				CLANG_WARN_BLOCK_CAPTURE_AUTORELEASING = YES;
				CLANG_WARN_BOOL_CONVERSION = YES;
				CLANG_WARN_COMMA = YES;
				CLANG_WARN_CONSTANT_CONVERSION = YES;
				CLANG_WARN_DEPRECATED_OBJC_IMPLEMENTATIONS = YES;
				CLANG_WARN_DIRECT_OBJC_ISA_USAGE = YES_ERROR;
				CLANG_WARN_DOCUMENTATION_COMMENTS = YES;
				CLANG_WARN_EMPTY_BODY = YES;
				CLANG_WARN_ENUM_CONVERSION = YES;
				CLANG_WARN_INFINITE_RECURSION = YES;
				CLANG_WARN_INT_CONVERSION = YES;
				CLANG_WARN_NON_LITERAL_NULL_CONVERSION = YES;
				CLANG_WARN_OBJC_IMPLICIT_RETAIN_SELF = YES;
				CLANG_WARN_OBJC_LITERAL_CONVERSION = YES;
				CLANG_WARN_OBJC_ROOT_CLASS = YES_ERROR;
				CLANG_WARN_QUOTED_INCLUDE_IN_FRAMEWORK_HEADER = YES;
				CLANG_WARN_RANGE_LOOP_ANALYSIS = YES;
				CLANG_WARN_STRICT_PROTOTYPES = YES;
				CLANG_WARN_SUSPICIOUS_MOVE = YES;
				CLANG_WARN_UNGUARDED_AVAILABILITY = YES_AGGRESSIVE;
				CLANG_WARN_UNREACHABLE_CODE = YES;
				CLANG_WARN__DUPLICATE_METHOD_MATCH = YES;
				COPY_PHASE_STRIP = NO;
				DEBUG_INFORMATION_FORMAT = dwarf;
				ENABLE_STRICT_OBJC_MSGSEND = YES;
				ENABLE_TESTABILITY = YES;
				GCC_C_LANGUAGE_STANDARD = gnu11;
				GCC_DYNAMIC_NO_PIC = NO;
				GCC_NO_COMMON_BLOCKS = YES;
				GCC_OPTIMIZATION_LEVEL = 0;
				GCC_PREPROCESSOR_DEFINITIONS = (
					"DEBUG=1",
					"$(inherited)",
				);
				GCC_WARN_64_TO_32_BIT_CONVERSION = YES;
				GCC_WARN_ABOUT_RETURN_TYPE = YES_ERROR;
				GCC_WARN_UNDECLARED_SELECTOR = YES;
				GCC_WARN_UNINITIALIZED_AUTOS = YES_AGGRESSIVE;
				GCC_WARN_UNUSED_FUNCTION = YES;
				GCC_WARN_UNUSED_VARIABLE = YES;
				IPHONEOS_DEPLOYMENT_TARGET = 16.4;
				MTL_ENABLE_DEBUG_INFO = INCLUDE_SOURCE;
				MTL_FAST_MATH = YES;
				ONLY_ACTIVE_ARCH = YES;
				SDKROOT = iphoneos;
				SWIFT_ACTIVE_COMPILATION_CONDITIONS = DEBUG;
				SWIFT_OPTIMIZATION_LEVEL = "-Onone";
			};
			name = Debug;
		};
		C77BE00B2A4AA1F5007A8D06 /* Release */ = {
			isa = XCBuildConfiguration;
			buildSettings = {
				ALWAYS_SEARCH_USER_PATHS = NO;
				CLANG_ANALYZER_NONNULL = YES;
				CLANG_ANALYZER_NUMBER_OBJECT_CONVERSION = YES_AGGRESSIVE;
				CLANG_CXX_LANGUAGE_STANDARD = "gnu++20";
				CLANG_ENABLE_MODULES = YES;
				CLANG_ENABLE_OBJC_ARC = YES;
				CLANG_ENABLE_OBJC_WEAK = YES;
				CLANG_WARN_BLOCK_CAPTURE_AUTORELEASING = YES;
				CLANG_WARN_BOOL_CONVERSION = YES;
				CLANG_WARN_COMMA = YES;
				CLANG_WARN_CONSTANT_CONVERSION = YES;
				CLANG_WARN_DEPRECATED_OBJC_IMPLEMENTATIONS = YES;
				CLANG_WARN_DIRECT_OBJC_ISA_USAGE = YES_ERROR;
				CLANG_WARN_DOCUMENTATION_COMMENTS = YES;
				CLANG_WARN_EMPTY_BODY = YES;
				CLANG_WARN_ENUM_CONVERSION = YES;
				CLANG_WARN_INFINITE_RECURSION = YES;
				CLANG_WARN_INT_CONVERSION = YES;
				CLANG_WARN_NON_LITERAL_NULL_CONVERSION = YES;
				CLANG_WARN_OBJC_IMPLICIT_RETAIN_SELF = YES;
				CLANG_WARN_OBJC_LITERAL_CONVERSION = YES;
				CLANG_WARN_OBJC_ROOT_CLASS = YES_ERROR;
				CLANG_WARN_QUOTED_INCLUDE_IN_FRAMEWORK_HEADER = YES;
				CLANG_WARN_RANGE_LOOP_ANALYSIS = YES;
				CLANG_WARN_STRICT_PROTOTYPES = YES;
				CLANG_WARN_SUSPICIOUS_MOVE = YES;
				CLANG_WARN_UNGUARDED_AVAILABILITY = YES_AGGRESSIVE;
				CLANG_WARN_UNREACHABLE_CODE = YES;
				CLANG_WARN__DUPLICATE_METHOD_MATCH = YES;
				COPY_PHASE_STRIP = NO;
				DEBUG_INFORMATION_FORMAT = "dwarf-with-dsym";
				ENABLE_NS_ASSERTIONS = NO;
				ENABLE_STRICT_OBJC_MSGSEND = YES;
				GCC_C_LANGUAGE_STANDARD = gnu11;
				GCC_NO_COMMON_BLOCKS = YES;
				GCC_WARN_64_TO_32_BIT_CONVERSION = YES;
				GCC_WARN_ABOUT_RETURN_TYPE = YES_ERROR;
				GCC_WARN_UNDECLARED_SELECTOR = YES;
				GCC_WARN_UNINITIALIZED_AUTOS = YES_AGGRESSIVE;
				GCC_WARN_UNUSED_FUNCTION = YES;
				GCC_WARN_UNUSED_VARIABLE = YES;
				IPHONEOS_DEPLOYMENT_TARGET = 16.4;
				MTL_ENABLE_DEBUG_INFO = NO;
				MTL_FAST_MATH = YES;
				SDKROOT = iphoneos;
				SWIFT_COMPILATION_MODE = wholemodule;
				SWIFT_OPTIMIZATION_LEVEL = "-O";
				VALIDATE_PRODUCT = YES;
			};
			name = Release;
		};
		C77BE00D2A4AA1F5007A8D06 /* Debug */ = {
			isa = XCBuildConfiguration;
			buildSettings = {
				ASSETCATALOG_COMPILER_APPICON_NAME = AppIcon;
				ASSETCATALOG_COMPILER_GLOBAL_ACCENT_COLOR_NAME = AccentColor;
				CODE_SIGN_STYLE = Automatic;
				CURRENT_PROJECT_VERSION = 1;
				DEVELOPMENT_TEAM = SJ6YJVGU28;
				GENERATE_INFOPLIST_FILE = YES;
				INFOPLIST_FILE = WorkLinx/Info.plist;
				INFOPLIST_KEY_UIApplicationSupportsIndirectInputEvents = YES;
				INFOPLIST_KEY_UILaunchStoryboardName = LaunchScreen;
				INFOPLIST_KEY_UIMainStoryboardFile = Main;
				INFOPLIST_KEY_UISupportedInterfaceOrientations_iPad = "UIInterfaceOrientationPortrait UIInterfaceOrientationPortraitUpsideDown UIInterfaceOrientationLandscapeLeft UIInterfaceOrientationLandscapeRight";
				INFOPLIST_KEY_UISupportedInterfaceOrientations_iPhone = "UIInterfaceOrientationPortrait UIInterfaceOrientationLandscapeLeft UIInterfaceOrientationLandscapeRight";
				LD_RUNPATH_SEARCH_PATHS = (
					"$(inherited)",
					"@executable_path/Frameworks",
				);
				MARKETING_VERSION = 1.0;
				PRODUCT_BUNDLE_IDENTIFIER = ca.bcit.a00896698.WorkLinx;
				PRODUCT_NAME = "$(TARGET_NAME)";
				SWIFT_EMIT_LOC_STRINGS = YES;
				SWIFT_VERSION = 5.0;
				TARGETED_DEVICE_FAMILY = "1,2";
			};
			name = Debug;
		};
		C77BE00E2A4AA1F5007A8D06 /* Release */ = {
			isa = XCBuildConfiguration;
			buildSettings = {
				ASSETCATALOG_COMPILER_APPICON_NAME = AppIcon;
				ASSETCATALOG_COMPILER_GLOBAL_ACCENT_COLOR_NAME = AccentColor;
				CODE_SIGN_STYLE = Automatic;
				CURRENT_PROJECT_VERSION = 1;
				DEVELOPMENT_TEAM = SJ6YJVGU28;
				GENERATE_INFOPLIST_FILE = YES;
				INFOPLIST_FILE = WorkLinx/Info.plist;
				INFOPLIST_KEY_UIApplicationSupportsIndirectInputEvents = YES;
				INFOPLIST_KEY_UILaunchStoryboardName = LaunchScreen;
				INFOPLIST_KEY_UIMainStoryboardFile = Main;
				INFOPLIST_KEY_UISupportedInterfaceOrientations_iPad = "UIInterfaceOrientationPortrait UIInterfaceOrientationPortraitUpsideDown UIInterfaceOrientationLandscapeLeft UIInterfaceOrientationLandscapeRight";
				INFOPLIST_KEY_UISupportedInterfaceOrientations_iPhone = "UIInterfaceOrientationPortrait UIInterfaceOrientationLandscapeLeft UIInterfaceOrientationLandscapeRight";
				LD_RUNPATH_SEARCH_PATHS = (
					"$(inherited)",
					"@executable_path/Frameworks",
				);
				MARKETING_VERSION = 1.0;
				PRODUCT_BUNDLE_IDENTIFIER = ca.bcit.a00896698.WorkLinx;
				PRODUCT_NAME = "$(TARGET_NAME)";
				SWIFT_EMIT_LOC_STRINGS = YES;
				SWIFT_VERSION = 5.0;
				TARGETED_DEVICE_FAMILY = "1,2";
			};
			name = Release;
		};
/* End XCBuildConfiguration section */

/* Begin XCConfigurationList section */
		C77BDFF32A4AA1F0007A8D06 /* Build configuration list for PBXProject "WorkLinx" */ = {
			isa = XCConfigurationList;
			buildConfigurations = (
				C77BE00A2A4AA1F5007A8D06 /* Debug */,
				C77BE00B2A4AA1F5007A8D06 /* Release */,
			);
			defaultConfigurationIsVisible = 0;
			defaultConfigurationName = Release;
		};
		C77BE00C2A4AA1F5007A8D06 /* Build configuration list for PBXNativeTarget "WorkLinx" */ = {
			isa = XCConfigurationList;
			buildConfigurations = (
				C77BE00D2A4AA1F5007A8D06 /* Debug */,
				C77BE00E2A4AA1F5007A8D06 /* Release */,
			);
			defaultConfigurationIsVisible = 0;
			defaultConfigurationName = Release;
		};
/* End XCConfigurationList section */

/* Begin XCRemoteSwiftPackageReference section */
		C70CCEAD2A6B7D4A000677F1 /* XCRemoteSwiftPackageReference "firebase-ios-sdk" */ = {
			isa = XCRemoteSwiftPackageReference;
			repositoryURL = "https://github.com/firebase/firebase-ios-sdk";
			requirement = {
				kind = upToNextMajorVersion;
				minimumVersion = 10.0.0;
			};
		};
/* End XCRemoteSwiftPackageReference section */

/* Begin XCSwiftPackageProductDependency section */
		C70CCEAE2A6B7D4A000677F1 /* FirebaseAnalytics */ = {
			isa = XCSwiftPackageProductDependency;
			package = C70CCEAD2A6B7D4A000677F1 /* XCRemoteSwiftPackageReference "firebase-ios-sdk" */;
			productName = FirebaseAnalytics;
		};
		C70CCEB02A6B7D4A000677F1 /* FirebaseAnalyticsWithoutAdIdSupport */ = {
			isa = XCSwiftPackageProductDependency;
			package = C70CCEAD2A6B7D4A000677F1 /* XCRemoteSwiftPackageReference "firebase-ios-sdk" */;
			productName = FirebaseAnalyticsWithoutAdIdSupport;
		};
		C70CCEB22A6B7D4A000677F1 /* FirebaseAuth */ = {
			isa = XCSwiftPackageProductDependency;
			package = C70CCEAD2A6B7D4A000677F1 /* XCRemoteSwiftPackageReference "firebase-ios-sdk" */;
			productName = FirebaseAuth;
		};
		C70CCEB42A6B7D4A000677F1 /* FirebaseDatabase */ = {
			isa = XCSwiftPackageProductDependency;
			package = C70CCEAD2A6B7D4A000677F1 /* XCRemoteSwiftPackageReference "firebase-ios-sdk" */;
			productName = FirebaseDatabase;
		};
		C70CCEB62A6B7D4A000677F1 /* FirebaseFirestore */ = {
			isa = XCSwiftPackageProductDependency;
			package = C70CCEAD2A6B7D4A000677F1 /* XCRemoteSwiftPackageReference "firebase-ios-sdk" */;
			productName = FirebaseFirestore;
		};
		C70CCEB82A6B7D4A000677F1 /* FirebaseMessaging */ = {
			isa = XCSwiftPackageProductDependency;
			package = C70CCEAD2A6B7D4A000677F1 /* XCRemoteSwiftPackageReference "firebase-ios-sdk" */;
			productName = FirebaseMessaging;
		};
/* End XCSwiftPackageProductDependency section */
	};
	rootObject = C77BDFF02A4AA1F0007A8D06 /* Project object */;
}
